Microsoft Visual Studio Solution File, Format Version 8.00
Project("{8BC9CEB8-8B4A-11D0-8D11-00A0C91BC942}") = "CASCatch", "CASCatch.vcproj", "{70648DF8-446E-4CDD-B6D0-C3E4DDF1A1F8}"
	ProjectSection(ProjectDependencies) = postProject
	EndProjectSection
EndProject
Project("{8BC9CEB8-8B4A-11D0-8D11-00A0C91BC942}") = "Communication", "Communication.vcproj", "{2F300E51-96AD-48BA-9524-AE1E88908801}"
	ProjectSection(ProjectDependencies) = postProject
	EndProjectSection
EndProject
Project("{8BC9CEB8-8B4A-11D0-8D11-00A0C91BC942}") = "Container", "Container.vcproj", "{227A2B2A-D168-4B5A-AFF2-12F031FD605A}"
	ProjectSection(ProjectDependencies) = postProject
		{CF0FE51A-EA1C-4A02-B547-27F1A927EF3D} = {CF0FE51A-EA1C-4A02-B547-27F1A927EF3D}
		{EDC93B38-6AF0-45F4-8DBD-6CBF35229E61} = {EDC93B38-6AF0-45F4-8DBD-6CBF35229E61}
		{C97FD448-50C9-4394-A74A-2DBAB8F2ACFC} = {C97FD448-50C9-4394-A74A-2DBAB8F2ACFC}
		{A72BE874-FFFB-4065-A082-61D3D85ACD60} = {A72BE874-FFFB-4065-A082-61D3D85ACD60}
		{C247629E-8EBD-48B9-9D10-ED9C11828481} = {C247629E-8EBD-48B9-9D10-ED9C11828481}
		{14C3BCA6-CD3D-420C-ACF7-50EDE680C1AC} = {14C3BCA6-CD3D-420C-ACF7-50EDE680C1AC}
		{8AE612CB-AD84-4B3F-A404-3C0FB1D9A26E} = {8AE612CB-AD84-4B3F-A404-3C0FB1D9A26E}
	EndProjectSection
EndProject
Project("{8BC9CEB8-8B4A-11D0-8D11-00A0C91BC942}") = "ContainerManagerServer", "ContainerManagerServer.vcproj", "{0C01A510-C6D2-477C-9A6E-B52EEEF40B8B}"
	ProjectSection(ProjectDependencies) = postProject
		{28A7091A-4E04-40B6-9D6D-7C7312203537} = {28A7091A-4E04-40B6-9D6D-7C7312203537}
		{227A2B2A-D168-4B5A-AFF2-12F031FD605A} = {227A2B2A-D168-4B5A-AFF2-12F031FD605A}
		{C97FD448-50C9-4394-A74A-2DBAB8F2ACFC} = {C97FD448-50C9-4394-A74A-2DBAB8F2ACFC}
		{C247629E-8EBD-48B9-9D10-ED9C11828481} = {C247629E-8EBD-48B9-9D10-ED9C11828481}
	EndProjectSection
EndProject
Project("{8BC9CEB8-8B4A-11D0-8D11-00A0C91BC942}") = "Container_bin", "Container_bin.vcproj", "{827E1AF7-F570-477F-8278-73212784F19B}"
	ProjectSection(ProjectDependencies) = postProject
		{28A7091A-4E04-40B6-9D6D-7C7312203537} = {28A7091A-4E04-40B6-9D6D-7C7312203537}
		{227A2B2A-D168-4B5A-AFF2-12F031FD605A} = {227A2B2A-D168-4B5A-AFF2-12F031FD605A}
		{C97FD448-50C9-4394-A74A-2DBAB8F2ACFC} = {C97FD448-50C9-4394-A74A-2DBAB8F2ACFC}
		{A72BE874-FFFB-4065-A082-61D3D85ACD60} = {A72BE874-FFFB-4065-A082-61D3D85ACD60}
		{C247629E-8EBD-48B9-9D10-ED9C11828481} = {C247629E-8EBD-48B9-9D10-ED9C11828481}
	EndProjectSection
EndProject
Project("{8BC9CEB8-8B4A-11D0-8D11-00A0C91BC942}") = "DataTypeCatalog", "DataTypeCatalog.vcproj", "{E99E9448-C3A5-4CFE-A8A4-63622B41FBD5}"
	ProjectSection(ProjectDependencies) = postProject
		{A72BE874-FFFB-4065-A082-61D3D85ACD60} = {A72BE874-FFFB-4065-A082-61D3D85ACD60}
	EndProjectSection
EndProject
Project("{8BC9CEB8-8B4A-11D0-8D11-00A0C91BC942}") = "DataTypeCatalog_Client", "DataTypeCatalog_Client.vcproj", "{F2F339A5-CB18-4355-A1DC-56A37400D22D}"
	ProjectSection(ProjectDependencies) = postProject
		{28A7091A-4E04-40B6-9D6D-7C7312203537} = {28A7091A-4E04-40B6-9D6D-7C7312203537}
		{C97FD448-50C9-4394-A74A-2DBAB8F2ACFC} = {C97FD448-50C9-4394-A74A-2DBAB8F2ACFC}
		{C247629E-8EBD-48B9-9D10-ED9C11828481} = {C247629E-8EBD-48B9-9D10-ED9C11828481}
	EndProjectSection
EndProject
Project("{8BC9CEB8-8B4A-11D0-8D11-00A0C91BC942}") = "DataTypeCatalog_Server", "DataTypeCatalog_Server.vcproj", "{7A6DA45A-D651-4CA2-9074-F2FEF24A177D}"
	ProjectSection(ProjectDependencies) = postProject
		{28A7091A-4E04-40B6-9D6D-7C7312203537} = {28A7091A-4E04-40B6-9D6D-7C7312203537}
		{E99E9448-C3A5-4CFE-A8A4-63622B41FBD5} = {E99E9448-C3A5-4CFE-A8A4-63622B41FBD5}
		{C97FD448-50C9-4394-A74A-2DBAB8F2ACFC} = {C97FD448-50C9-4394-A74A-2DBAB8F2ACFC}
		{A72BE874-FFFB-4065-A082-61D3D85ACD60} = {A72BE874-FFFB-4065-A082-61D3D85ACD60}
		{C247629E-8EBD-48B9-9D10-ED9C11828481} = {C247629E-8EBD-48B9-9D10-ED9C11828481}
	EndProjectSection
EndProject
Project("{8BC9CEB8-8B4A-11D0-8D11-00A0C91BC942}") = "GenericObj", "GenericObj.vcproj", "{68C21F89-BCA0-4172-A092-ECD5A37986B5}"
	ProjectSection(ProjectDependencies) = postProject
		{28A7091A-4E04-40B6-9D6D-7C7312203537} = {28A7091A-4E04-40B6-9D6D-7C7312203537}
	EndProjectSection
EndProject
Project("{8BC9CEB8-8B4A-11D0-8D11-00A0C91BC942}") = "HDFPersist", "HDFPersist.vcproj", "{632F6752-82DD-4E04-86A8-597C43BCD5CA}"
	ProjectSection(ProjectDependencies) = postProject
	EndProjectSection
EndProject
Project("{8BC9CEB8-8B4A-11D0-8D11-00A0C91BC942}") = "KERNEL_PY", "KERNEL_PY.vcproj", "{421CD705-954A-47D1-A9DF-E2933C113518}"
	ProjectSection(ProjectDependencies) = postProject
	EndProjectSection
EndProject
Project("{8BC9CEB8-8B4A-11D0-8D11-00A0C91BC942}") = "LifeCycleCORBA", "LifeCycleCORBA.vcproj", "{0F17AA5F-669F-491B-97A1-E0AD9C1D98EA}"
	ProjectSection(ProjectDependencies) = postProject
		{28A7091A-4E04-40B6-9D6D-7C7312203537} = {28A7091A-4E04-40B6-9D6D-7C7312203537}
		{227A2B2A-D168-4B5A-AFF2-12F031FD605A} = {227A2B2A-D168-4B5A-AFF2-12F031FD605A}
		{C97FD448-50C9-4394-A74A-2DBAB8F2ACFC} = {C97FD448-50C9-4394-A74A-2DBAB8F2ACFC}
		{A72BE874-FFFB-4065-A082-61D3D85ACD60} = {A72BE874-FFFB-4065-A082-61D3D85ACD60}
		{C247629E-8EBD-48B9-9D10-ED9C11828481} = {C247629E-8EBD-48B9-9D10-ED9C11828481}
	EndProjectSection
EndProject
Project("{8BC9CEB8-8B4A-11D0-8D11-00A0C91BC942}") = "LifeCycleCORBA_bin", "LifeCycleCORBA_bin.vcproj", "{3A72E025-DB1E-41A3-ACCF-45C187575264}"
	ProjectSection(ProjectDependencies) = postProject
		{28A7091A-4E04-40B6-9D6D-7C7312203537} = {28A7091A-4E04-40B6-9D6D-7C7312203537}
		{C97FD448-50C9-4394-A74A-2DBAB8F2ACFC} = {C97FD448-50C9-4394-A74A-2DBAB8F2ACFC}
		{0F17AA5F-669F-491B-97A1-E0AD9C1D98EA} = {0F17AA5F-669F-491B-97A1-E0AD9C1D98EA}
		{A72BE874-FFFB-4065-A082-61D3D85ACD60} = {A72BE874-FFFB-4065-A082-61D3D85ACD60}
		{C247629E-8EBD-48B9-9D10-ED9C11828481} = {C247629E-8EBD-48B9-9D10-ED9C11828481}
	EndProjectSection
EndProject
Project("{8BC9CEB8-8B4A-11D0-8D11-00A0C91BC942}") = "LifeCycleCORBA_SWIG", "LifeCycleCORBA_SWIG.vcproj", "{5EEDFD7E-8CDC-4570-86CF-D73F6E51D7A4}"
	ProjectSection(ProjectDependencies) = postProject
		{0F17AA5F-669F-491B-97A1-E0AD9C1D98EA} = {0F17AA5F-669F-491B-97A1-E0AD9C1D98EA}
		{A72BE874-FFFB-4065-A082-61D3D85ACD60} = {A72BE874-FFFB-4065-A082-61D3D85ACD60}
	EndProjectSection
EndProject
Project("{8BC9CEB8-8B4A-11D0-8D11-00A0C91BC942}") = "Logger", "Logger.vcproj", "{AF4F390F-6A62-4A03-97FE-5457EC1E1A67}"
	ProjectSection(ProjectDependencies) = postProject
		{28A7091A-4E04-40B6-9D6D-7C7312203537} = {28A7091A-4E04-40B6-9D6D-7C7312203537}
	EndProjectSection
EndProject
Project("{8BC9CEB8-8B4A-11D0-8D11-00A0C91BC942}") = "Logger_Bin", "Logger_Bin.vcproj", "{B969CA4A-EC54-4853-9743-639B9265E259}"
	ProjectSection(ProjectDependencies) = postProject
	EndProjectSection
EndProject
Project("{8BC9CEB8-8B4A-11D0-8D11-00A0C91BC942}") = "ModuleCatalog", "ModuleCatalog.vcproj", "{4C7BEAC9-8864-4DCD-9A09-0E2AE2A862A4}"
	ProjectSection(ProjectDependencies) = postProject
		{A72BE874-FFFB-4065-A082-61D3D85ACD60} = {A72BE874-FFFB-4065-A082-61D3D85ACD60}
		{C247629E-8EBD-48B9-9D10-ED9C11828481} = {C247629E-8EBD-48B9-9D10-ED9C11828481}
	EndProjectSection
EndProject
Project("{8BC9CEB8-8B4A-11D0-8D11-00A0C91BC942}") = "ModuleCatalog_Client", "ModuleCatalog_Client.vcproj", "{7291175C-2522-4076-B9A6-B2507E299EC5}"
	ProjectSection(ProjectDependencies) = postProject
		{28A7091A-4E04-40B6-9D6D-7C7312203537} = {28A7091A-4E04-40B6-9D6D-7C7312203537}
		{C97FD448-50C9-4394-A74A-2DBAB8F2ACFC} = {C97FD448-50C9-4394-A74A-2DBAB8F2ACFC}
		{C247629E-8EBD-48B9-9D10-ED9C11828481} = {C247629E-8EBD-48B9-9D10-ED9C11828481}
		{4C7BEAC9-8864-4DCD-9A09-0E2AE2A862A4} = {4C7BEAC9-8864-4DCD-9A09-0E2AE2A862A4}
	EndProjectSection
EndProject
Project("{8BC9CEB8-8B4A-11D0-8D11-00A0C91BC942}") = "ModuleCatalog_Server", "ModuleCatalog_Server.vcproj", "{58539AB8-7EA8-4CC3-8689-D31555A291AF}"
	ProjectSection(ProjectDependencies) = postProject
		{28A7091A-4E04-40B6-9D6D-7C7312203537} = {28A7091A-4E04-40B6-9D6D-7C7312203537}
		{C97FD448-50C9-4394-A74A-2DBAB8F2ACFC} = {C97FD448-50C9-4394-A74A-2DBAB8F2ACFC}
		{A72BE874-FFFB-4065-A082-61D3D85ACD60} = {A72BE874-FFFB-4065-A082-61D3D85ACD60}
		{C247629E-8EBD-48B9-9D10-ED9C11828481} = {C247629E-8EBD-48B9-9D10-ED9C11828481}
		{4C7BEAC9-8864-4DCD-9A09-0E2AE2A862A4} = {4C7BEAC9-8864-4DCD-9A09-0E2AE2A862A4}
	EndProjectSection
EndProject
Project("{8BC9CEB8-8B4A-11D0-8D11-00A0C91BC942}") = "ModuleGenerator", "ModuleGenerator.vcproj", "{96D006FE-6A3B-48BD-8C98-F8CF861DBEC6}"
	ProjectSection(ProjectDependencies) = postProject
	EndProjectSection
EndProject
Project("{8BC9CEB8-8B4A-11D0-8D11-00A0C91BC942}") = "NOTIFICATION_SWIG", "NOTIFICATION_SWIG.vcproj", "{5BD07C8D-32D4-492B-857F-077A8D26D82B}"
	ProjectSection(ProjectDependencies) = postProject
		{14C3BCA6-CD3D-420C-ACF7-50EDE680C1AC} = {14C3BCA6-CD3D-420C-ACF7-50EDE680C1AC}
	EndProjectSection
EndProject
Project("{8BC9CEB8-8B4A-11D0-8D11-00A0C91BC942}") = "NamingService", "NamingService.vcproj", "{C97FD448-50C9-4394-A74A-2DBAB8F2ACFC}"
	ProjectSection(ProjectDependencies) = postProject
		{A72BE874-FFFB-4065-A082-61D3D85ACD60} = {A72BE874-FFFB-4065-A082-61D3D85ACD60}
		{C247629E-8EBD-48B9-9D10-ED9C11828481} = {C247629E-8EBD-48B9-9D10-ED9C11828481}
	EndProjectSection
EndProject
Project("{8BC9CEB8-8B4A-11D0-8D11-00A0C91BC942}") = "Notification", "Notification.vcproj", "{14C3BCA6-CD3D-420C-ACF7-50EDE680C1AC}"
	ProjectSection(ProjectDependencies) = postProject
		{A72BE874-FFFB-4065-A082-61D3D85ACD60} = {A72BE874-FFFB-4065-A082-61D3D85ACD60}
	EndProjectSection
EndProject
Project("{8BC9CEB8-8B4A-11D0-8D11-00A0C91BC942}") = "Registry", "Registry.vcproj", "{8AE612CB-AD84-4B3F-A404-3C0FB1D9A26E}"
	ProjectSection(ProjectDependencies) = postProject
		{C97FD448-50C9-4394-A74A-2DBAB8F2ACFC} = {C97FD448-50C9-4394-A74A-2DBAB8F2ACFC}
		{A72BE874-FFFB-4065-A082-61D3D85ACD60} = {A72BE874-FFFB-4065-A082-61D3D85ACD60}
		{C247629E-8EBD-48B9-9D10-ED9C11828481} = {C247629E-8EBD-48B9-9D10-ED9C11828481}
	EndProjectSection
EndProject
Project("{8BC9CEB8-8B4A-11D0-8D11-00A0C91BC942}") = "Registry_Server", "Registry_Server.vcproj", "{D9124013-5B6C-4D80-BEB4-420280F44FF9}"
	ProjectSection(ProjectDependencies) = postProject
		{28A7091A-4E04-40B6-9D6D-7C7312203537} = {28A7091A-4E04-40B6-9D6D-7C7312203537}
		{C97FD448-50C9-4394-A74A-2DBAB8F2ACFC} = {C97FD448-50C9-4394-A74A-2DBAB8F2ACFC}
		{A72BE874-FFFB-4065-A082-61D3D85ACD60} = {A72BE874-FFFB-4065-A082-61D3D85ACD60}
		{C247629E-8EBD-48B9-9D10-ED9C11828481} = {C247629E-8EBD-48B9-9D10-ED9C11828481}
		{8AE612CB-AD84-4B3F-A404-3C0FB1D9A26E} = {8AE612CB-AD84-4B3F-A404-3C0FB1D9A26E}
	EndProjectSection
EndProject
Project("{8BC9CEB8-8B4A-11D0-8D11-00A0C91BC942}") = "ResourcesManager", "ResourcesManager.vcproj", "{CF0FE51A-EA1C-4A02-B547-27F1A927EF3D}"
	ProjectSection(ProjectDependencies) = postProject
		{C97FD448-50C9-4394-A74A-2DBAB8F2ACFC} = {C97FD448-50C9-4394-A74A-2DBAB8F2ACFC}
		{A72BE874-FFFB-4065-A082-61D3D85ACD60} = {A72BE874-FFFB-4065-A082-61D3D85ACD60}
		{C247629E-8EBD-48B9-9D10-ED9C11828481} = {C247629E-8EBD-48B9-9D10-ED9C11828481}
	EndProjectSection
EndProject
Project("{8BC9CEB8-8B4A-11D0-8D11-00A0C91BC942}") = "RessourcesCatalog", "RessourcesCatalog.vcproj", "{F5B053E5-25AC-4AEE-A4C6-D723A4C4A099}"
	ProjectSection(ProjectDependencies) = postProject
		{A72BE874-FFFB-4065-A082-61D3D85ACD60} = {A72BE874-FFFB-4065-A082-61D3D85ACD60}
	EndProjectSection
EndProject
Project("{8BC9CEB8-8B4A-11D0-8D11-00A0C91BC942}") = "RessourcesCatalog_Client", "RessourcesCatalog_Client.vcproj", "{ED619667-DF42-4084-829E-9A7A66A9CA65}"
	ProjectSection(ProjectDependencies) = postProject
		{28A7091A-4E04-40B6-9D6D-7C7312203537} = {28A7091A-4E04-40B6-9D6D-7C7312203537}
		{C97FD448-50C9-4394-A74A-2DBAB8F2ACFC} = {C97FD448-50C9-4394-A74A-2DBAB8F2ACFC}
		{C247629E-8EBD-48B9-9D10-ED9C11828481} = {C247629E-8EBD-48B9-9D10-ED9C11828481}
	EndProjectSection
EndProject
Project("{8BC9CEB8-8B4A-11D0-8D11-00A0C91BC942}") = "RessourcesCatalog_Server", "RessourcesCatalog_Server.vcproj", "{E9226C36-C6C3-4A70-91E9-D4A38B5E1B76}"
	ProjectSection(ProjectDependencies) = postProject
		{28A7091A-4E04-40B6-9D6D-7C7312203537} = {28A7091A-4E04-40B6-9D6D-7C7312203537}
		{C97FD448-50C9-4394-A74A-2DBAB8F2ACFC} = {C97FD448-50C9-4394-A74A-2DBAB8F2ACFC}
		{C97FD448-50C9-4394-A74A-2DBAB8F2ACFC} = {C97FD448-50C9-4394-A74A-2DBAB8F2ACFC}
		{A72BE874-FFFB-4065-A082-61D3D85ACD60} = {A72BE874-FFFB-4065-A082-61D3D85ACD60}
		{A72BE874-FFFB-4065-A082-61D3D85ACD60} = {A72BE874-FFFB-4065-A082-61D3D85ACD60}
		{C247629E-8EBD-48B9-9D10-ED9C11828481} = {C247629E-8EBD-48B9-9D10-ED9C11828481}
		{C247629E-8EBD-48B9-9D10-ED9C11828481} = {C247629E-8EBD-48B9-9D10-ED9C11828481}
		{F5B053E5-25AC-4AEE-A4C6-D723A4C4A099} = {F5B053E5-25AC-4AEE-A4C6-D723A4C4A099}
		{F5B053E5-25AC-4AEE-A4C6-D723A4C4A099} = {F5B053E5-25AC-4AEE-A4C6-D723A4C4A099}
	EndProjectSection
EndProject
Project("{8BC9CEB8-8B4A-11D0-8D11-00A0C91BC942}") = "SALOMEDS", "SALOMEDS.vcproj", "{1985CB50-E46A-401F-98AC-9653211B3909}"
	ProjectSection(ProjectDependencies) = postProject
		{227A2B2A-D168-4B5A-AFF2-12F031FD605A} = {227A2B2A-D168-4B5A-AFF2-12F031FD605A}
		{C97FD448-50C9-4394-A74A-2DBAB8F2ACFC} = {C97FD448-50C9-4394-A74A-2DBAB8F2ACFC}
		{0F17AA5F-669F-491B-97A1-E0AD9C1D98EA} = {0F17AA5F-669F-491B-97A1-E0AD9C1D98EA}
		{71464069-BA75-444D-971B-7BFA4C9AF79F} = {71464069-BA75-444D-971B-7BFA4C9AF79F}
		{A72BE874-FFFB-4065-A082-61D3D85ACD60} = {A72BE874-FFFB-4065-A082-61D3D85ACD60}
		{68C21F89-BCA0-4172-A092-ECD5A37986B5} = {68C21F89-BCA0-4172-A092-ECD5A37986B5}
		{009A0CE9-AC0D-48B6-84D0-6352507E37DA} = {009A0CE9-AC0D-48B6-84D0-6352507E37DA}
	EndProjectSection
EndProject
Project("{8BC9CEB8-8B4A-11D0-8D11-00A0C91BC942}") = "SALOMEDSClient", "SALOMEDSClient.vcproj", "{009A0CE9-AC0D-48B6-84D0-6352507E37DA}"
	ProjectSection(ProjectDependencies) = postProject
	EndProjectSection
EndProject
Project("{8BC9CEB8-8B4A-11D0-8D11-00A0C91BC942}") = "SALOMEDSImpl", "SALOMEDSImpl.vcproj", "{71464069-BA75-444D-971B-7BFA4C9AF79F}"
	ProjectSection(ProjectDependencies) = postProject
		{632F6752-82DD-4E04-86A8-597C43BCD5CA} = {632F6752-82DD-4E04-86A8-597C43BCD5CA}
	EndProjectSection
EndProject
Project("{8BC9CEB8-8B4A-11D0-8D11-00A0C91BC942}") = "SALOMEDSImpl_bin", "SALOMEDSImpl_bin.vcproj", "{B82516A8-D82B-4893-95CA-ABC00A52D44A}"
	ProjectSection(ProjectDependencies) = postProject
		{71464069-BA75-444D-971B-7BFA4C9AF79F} = {71464069-BA75-444D-971B-7BFA4C9AF79F}
	EndProjectSection
EndProject
Project("{8BC9CEB8-8B4A-11D0-8D11-00A0C91BC942}") = "SALOMEDS_Client", "SALOMEDS_Client.vcproj", "{18A9CBE8-22D6-49A3-BC1B-5333B7298B40}"
	ProjectSection(ProjectDependencies) = postProject
		{28A7091A-4E04-40B6-9D6D-7C7312203537} = {28A7091A-4E04-40B6-9D6D-7C7312203537}
		{C97FD448-50C9-4394-A74A-2DBAB8F2ACFC} = {C97FD448-50C9-4394-A74A-2DBAB8F2ACFC}
		{1985CB50-E46A-401F-98AC-9653211B3909} = {1985CB50-E46A-401F-98AC-9653211B3909}
		{632F6752-82DD-4E04-86A8-597C43BCD5CA} = {632F6752-82DD-4E04-86A8-597C43BCD5CA}
		{71464069-BA75-444D-971B-7BFA4C9AF79F} = {71464069-BA75-444D-971B-7BFA4C9AF79F}
		{68C21F89-BCA0-4172-A092-ECD5A37986B5} = {68C21F89-BCA0-4172-A092-ECD5A37986B5}
		{C247629E-8EBD-48B9-9D10-ED9C11828481} = {C247629E-8EBD-48B9-9D10-ED9C11828481}
	EndProjectSection
EndProject
Project("{8BC9CEB8-8B4A-11D0-8D11-00A0C91BC942}") = "SALOMEDS_Server", "SALOMEDS_Server.vcproj", "{DDD44744-8227-4D09-BFC5-EBB57F6743C9}"
	ProjectSection(ProjectDependencies) = postProject
		{28A7091A-4E04-40B6-9D6D-7C7312203537} = {28A7091A-4E04-40B6-9D6D-7C7312203537}
		{227A2B2A-D168-4B5A-AFF2-12F031FD605A} = {227A2B2A-D168-4B5A-AFF2-12F031FD605A}
		{C97FD448-50C9-4394-A74A-2DBAB8F2ACFC} = {C97FD448-50C9-4394-A74A-2DBAB8F2ACFC}
		{1985CB50-E46A-401F-98AC-9653211B3909} = {1985CB50-E46A-401F-98AC-9653211B3909}
		{71464069-BA75-444D-971B-7BFA4C9AF79F} = {71464069-BA75-444D-971B-7BFA4C9AF79F}
		{A72BE874-FFFB-4065-A082-61D3D85ACD60} = {A72BE874-FFFB-4065-A082-61D3D85ACD60}
		{68C21F89-BCA0-4172-A092-ECD5A37986B5} = {68C21F89-BCA0-4172-A092-ECD5A37986B5}
		{C247629E-8EBD-48B9-9D10-ED9C11828481} = {C247629E-8EBD-48B9-9D10-ED9C11828481}
	EndProjectSection
EndProject
Project("{8BC9CEB8-8B4A-11D0-8D11-00A0C91BC942}") = "SALOMELocalTrace", "SALOMELocalTrace.vcproj", "{C247629E-8EBD-48B9-9D10-ED9C11828481}"
	ProjectSection(ProjectDependencies) = postProject
		{EDC93B38-6AF0-45F4-8DBD-6CBF35229E61} = {EDC93B38-6AF0-45F4-8DBD-6CBF35229E61}
		{3116CDBA-CB7D-476E-AB9A-7B6B49A4A65C} = {3116CDBA-CB7D-476E-AB9A-7B6B49A4A65C}
	EndProjectSection
EndProject
Project("{8BC9CEB8-8B4A-11D0-8D11-00A0C91BC942}") = "SALOMETraceCollector", "SALOMETraceCollector.vcproj", "{28A7091A-4E04-40B6-9D6D-7C7312203537}"
	ProjectSection(ProjectDependencies) = postProject
		{C247629E-8EBD-48B9-9D10-ED9C11828481} = {C247629E-8EBD-48B9-9D10-ED9C11828481}
	EndProjectSection
EndProject
Project("{8BC9CEB8-8B4A-11D0-8D11-00A0C91BC942}") = "TOOLSDS", "TOOLSDS.vcproj", "{DEFA14B2-FDBE-4F9D-A973-C96A30357F0D}"
	ProjectSection(ProjectDependencies) = postProject
	EndProjectSection
EndProject
Project("{8BC9CEB8-8B4A-11D0-8D11-00A0C91BC942}") = "TestContainer", "TestContainer.vcproj", "{048E4BDB-D281-4410-993C-C0BBC209CCF3}"
	ProjectSection(ProjectDependencies) = postProject
		{227A2B2A-D168-4B5A-AFF2-12F031FD605A} = {227A2B2A-D168-4B5A-AFF2-12F031FD605A}
	EndProjectSection
EndProject
Project("{8BC9CEB8-8B4A-11D0-8D11-00A0C91BC942}") = "Utils", "Utils.vcproj", "{A72BE874-FFFB-4065-A082-61D3D85ACD60}"
	ProjectSection(ProjectDependencies) = postProject
		{C247629E-8EBD-48B9-9D10-ED9C11828481} = {C247629E-8EBD-48B9-9D10-ED9C11828481}
	EndProjectSection
EndProject
Project("{8BC9CEB8-8B4A-11D0-8D11-00A0C91BC942}") = "idlpy", "idlpy.vcproj", "{B5EF9F2E-F097-45A5-B55F-D3F836651FD0}"
	ProjectSection(ProjectDependencies) = postProject
	EndProjectSection
EndProject
Project("{8BC9CEB8-8B4A-11D0-8D11-00A0C91BC942}") = "Basics", "Basics.vcproj", "{EDC93B38-6AF0-45F4-8DBD-6CBF35229E61}"
	ProjectSection(ProjectDependencies) = postProject
	EndProjectSection
EndProject
Project("{8BC9CEB8-8B4A-11D0-8D11-00A0C91BC942}") = "All", "All.vcproj", "{60ACEBF1-18BE-4555-91BD-F8F17F4B4F02}"
	ProjectSection(ProjectDependencies) = postProject
		{421CD705-954A-47D1-A9DF-E2933C113518} = {421CD705-954A-47D1-A9DF-E2933C113518}
		{AF4F390F-6A62-4A03-97FE-5457EC1E1A67} = {AF4F390F-6A62-4A03-97FE-5457EC1E1A67}
		{0C01A510-C6D2-477C-9A6E-B52EEEF40B8B} = {0C01A510-C6D2-477C-9A6E-B52EEEF40B8B}
		{D9124013-5B6C-4D80-BEB4-420280F44FF9} = {D9124013-5B6C-4D80-BEB4-420280F44FF9}
		{28A7091A-4E04-40B6-9D6D-7C7312203537} = {28A7091A-4E04-40B6-9D6D-7C7312203537}
		{CF0FE51A-EA1C-4A02-B547-27F1A927EF3D} = {CF0FE51A-EA1C-4A02-B547-27F1A927EF3D}
		{3A72E025-DB1E-41A3-ACCF-45C187575264} = {3A72E025-DB1E-41A3-ACCF-45C187575264}
		{227A2B2A-D168-4B5A-AFF2-12F031FD605A} = {227A2B2A-D168-4B5A-AFF2-12F031FD605A}
		{B5EF9F2E-F097-45A5-B55F-D3F836651FD0} = {B5EF9F2E-F097-45A5-B55F-D3F836651FD0}
		{E9226C36-C6C3-4A70-91E9-D4A38B5E1B76} = {E9226C36-C6C3-4A70-91E9-D4A38B5E1B76}
		{EDC93B38-6AF0-45F4-8DBD-6CBF35229E61} = {EDC93B38-6AF0-45F4-8DBD-6CBF35229E61}
		{DDD44744-8227-4D09-BFC5-EBB57F6743C9} = {DDD44744-8227-4D09-BFC5-EBB57F6743C9}
		{E99E9448-C3A5-4CFE-A8A4-63622B41FBD5} = {E99E9448-C3A5-4CFE-A8A4-63622B41FBD5}
		{C97FD448-50C9-4394-A74A-2DBAB8F2ACFC} = {C97FD448-50C9-4394-A74A-2DBAB8F2ACFC}
		{B969CA4A-EC54-4853-9743-639B9265E259} = {B969CA4A-EC54-4853-9743-639B9265E259}
		{1985CB50-E46A-401F-98AC-9653211B3909} = {1985CB50-E46A-401F-98AC-9653211B3909}
		{2F300E51-96AD-48BA-9524-AE1E88908801} = {2F300E51-96AD-48BA-9524-AE1E88908801}
		{632F6752-82DD-4E04-86A8-597C43BCD5CA} = {632F6752-82DD-4E04-86A8-597C43BCD5CA}
		{7A6DA45A-D651-4CA2-9074-F2FEF24A177D} = {7A6DA45A-D651-4CA2-9074-F2FEF24A177D}
		{7291175C-2522-4076-B9A6-B2507E299EC5} = {7291175C-2522-4076-B9A6-B2507E299EC5}
		{0F17AA5F-669F-491B-97A1-E0AD9C1D98EA} = {0F17AA5F-669F-491B-97A1-E0AD9C1D98EA}
		{ED619667-DF42-4084-829E-9A7A66A9CA65} = {ED619667-DF42-4084-829E-9A7A66A9CA65}
		{71464069-BA75-444D-971B-7BFA4C9AF79F} = {71464069-BA75-444D-971B-7BFA4C9AF79F}
		{A72BE874-FFFB-4065-A082-61D3D85ACD60} = {A72BE874-FFFB-4065-A082-61D3D85ACD60}
		{5EEDFD7E-8CDC-4570-86CF-D73F6E51D7A4} = {5EEDFD7E-8CDC-4570-86CF-D73F6E51D7A4}
		{68C21F89-BCA0-4172-A092-ECD5A37986B5} = {68C21F89-BCA0-4172-A092-ECD5A37986B5}
		{5BD07C8D-32D4-492B-857F-077A8D26D82B} = {5BD07C8D-32D4-492B-857F-077A8D26D82B}
		{C247629E-8EBD-48B9-9D10-ED9C11828481} = {C247629E-8EBD-48B9-9D10-ED9C11828481}
		{F2F339A5-CB18-4355-A1DC-56A37400D22D} = {F2F339A5-CB18-4355-A1DC-56A37400D22D}
		{14C3BCA6-CD3D-420C-ACF7-50EDE680C1AC} = {14C3BCA6-CD3D-420C-ACF7-50EDE680C1AC}
		{B82516A8-D82B-4893-95CA-ABC00A52D44A} = {B82516A8-D82B-4893-95CA-ABC00A52D44A}
		{DEFA14B2-FDBE-4F9D-A973-C96A30357F0D} = {DEFA14B2-FDBE-4F9D-A973-C96A30357F0D}
		{58539AB8-7EA8-4CC3-8689-D31555A291AF} = {58539AB8-7EA8-4CC3-8689-D31555A291AF}
		{4C7BEAC9-8864-4DCD-9A09-0E2AE2A862A4} = {4C7BEAC9-8864-4DCD-9A09-0E2AE2A862A4}
		{8AE612CB-AD84-4B3F-A404-3C0FB1D9A26E} = {8AE612CB-AD84-4B3F-A404-3C0FB1D9A26E}
		{048E4BDB-D281-4410-993C-C0BBC209CCF3} = {048E4BDB-D281-4410-993C-C0BBC209CCF3}
		{F5B053E5-25AC-4AEE-A4C6-D723A4C4A099} = {F5B053E5-25AC-4AEE-A4C6-D723A4C4A099}
		{18A9CBE8-22D6-49A3-BC1B-5333B7298B40} = {18A9CBE8-22D6-49A3-BC1B-5333B7298B40}
		{009A0CE9-AC0D-48B6-84D0-6352507E37DA} = {009A0CE9-AC0D-48B6-84D0-6352507E37DA}
		{827E1AF7-F570-477F-8278-73212784F19B} = {827E1AF7-F570-477F-8278-73212784F19B}
		{70648DF8-446E-4CDD-B6D0-C3E4DDF1A1F8} = {70648DF8-446E-4CDD-B6D0-C3E4DDF1A1F8}
		{96D006FE-6A3B-48BD-8C98-F8CF861DBEC6} = {96D006FE-6A3B-48BD-8C98-F8CF861DBEC6}
	EndProjectSection
EndProject
Project("{8BC9CEB8-8B4A-11D0-8D11-00A0C91BC942}") = "Salome_WNT", "Salome_WNT.vcproj", "{3116CDBA-CB7D-476E-AB9A-7B6B49A4A65C}"
	ProjectSection(ProjectDependencies) = postProject
	EndProjectSection
EndProject
Global
	GlobalSection(SolutionConfiguration) = preSolution
		Debug = Debug
		Release = Release
	EndGlobalSection
	GlobalSection(ProjectConfiguration) = postSolution
		{70648DF8-446E-4CDD-B6D0-C3E4DDF1A1F8}.Debug.ActiveCfg = Debug|Win32
		{70648DF8-446E-4CDD-B6D0-C3E4DDF1A1F8}.Debug.Build.0 = Debug|Win32
		{70648DF8-446E-4CDD-B6D0-C3E4DDF1A1F8}.Release.ActiveCfg = Release|Win32
		{70648DF8-446E-4CDD-B6D0-C3E4DDF1A1F8}.Release.Build.0 = Release|Win32
		{2F300E51-96AD-48BA-9524-AE1E88908801}.Debug.ActiveCfg = Debug|Win32
		{2F300E51-96AD-48BA-9524-AE1E88908801}.Debug.Build.0 = Debug|Win32
		{2F300E51-96AD-48BA-9524-AE1E88908801}.Release.ActiveCfg = Release|Win32
		{2F300E51-96AD-48BA-9524-AE1E88908801}.Release.Build.0 = Release|Win32
		{227A2B2A-D168-4B5A-AFF2-12F031FD605A}.Debug.ActiveCfg = Debug|Win32
		{227A2B2A-D168-4B5A-AFF2-12F031FD605A}.Debug.Build.0 = Debug|Win32
		{227A2B2A-D168-4B5A-AFF2-12F031FD605A}.Release.ActiveCfg = Release|Win32
		{227A2B2A-D168-4B5A-AFF2-12F031FD605A}.Release.Build.0 = Release|Win32
		{0C01A510-C6D2-477C-9A6E-B52EEEF40B8B}.Debug.ActiveCfg = Debug|Win32
		{0C01A510-C6D2-477C-9A6E-B52EEEF40B8B}.Debug.Build.0 = Debug|Win32
		{0C01A510-C6D2-477C-9A6E-B52EEEF40B8B}.Release.ActiveCfg = Release|Win32
		{0C01A510-C6D2-477C-9A6E-B52EEEF40B8B}.Release.Build.0 = Release|Win32
		{827E1AF7-F570-477F-8278-73212784F19B}.Debug.ActiveCfg = Debug|Win32
		{827E1AF7-F570-477F-8278-73212784F19B}.Debug.Build.0 = Debug|Win32
		{827E1AF7-F570-477F-8278-73212784F19B}.Release.ActiveCfg = Release|Win32
		{827E1AF7-F570-477F-8278-73212784F19B}.Release.Build.0 = Release|Win32
		{E99E9448-C3A5-4CFE-A8A4-63622B41FBD5}.Debug.ActiveCfg = Debug|Win32
		{E99E9448-C3A5-4CFE-A8A4-63622B41FBD5}.Debug.Build.0 = Debug|Win32
		{E99E9448-C3A5-4CFE-A8A4-63622B41FBD5}.Release.ActiveCfg = Release|Win32
		{E99E9448-C3A5-4CFE-A8A4-63622B41FBD5}.Release.Build.0 = Release|Win32
		{F2F339A5-CB18-4355-A1DC-56A37400D22D}.Debug.ActiveCfg = Debug|Win32
		{F2F339A5-CB18-4355-A1DC-56A37400D22D}.Debug.Build.0 = Debug|Win32
		{F2F339A5-CB18-4355-A1DC-56A37400D22D}.Release.ActiveCfg = Release|Win32
		{F2F339A5-CB18-4355-A1DC-56A37400D22D}.Release.Build.0 = Release|Win32
		{7A6DA45A-D651-4CA2-9074-F2FEF24A177D}.Debug.ActiveCfg = Debug|Win32
		{7A6DA45A-D651-4CA2-9074-F2FEF24A177D}.Debug.Build.0 = Debug|Win32
		{7A6DA45A-D651-4CA2-9074-F2FEF24A177D}.Release.ActiveCfg = Release|Win32
		{7A6DA45A-D651-4CA2-9074-F2FEF24A177D}.Release.Build.0 = Release|Win32
		{68C21F89-BCA0-4172-A092-ECD5A37986B5}.Debug.ActiveCfg = Debug|Win32
		{68C21F89-BCA0-4172-A092-ECD5A37986B5}.Debug.Build.0 = Debug|Win32
		{68C21F89-BCA0-4172-A092-ECD5A37986B5}.Release.ActiveCfg = Release|Win32
		{68C21F89-BCA0-4172-A092-ECD5A37986B5}.Release.Build.0 = Release|Win32
		{632F6752-82DD-4E04-86A8-597C43BCD5CA}.Debug.ActiveCfg = Debug|Win32
		{632F6752-82DD-4E04-86A8-597C43BCD5CA}.Debug.Build.0 = Debug|Win32
		{632F6752-82DD-4E04-86A8-597C43BCD5CA}.Release.ActiveCfg = Release|Win32
		{632F6752-82DD-4E04-86A8-597C43BCD5CA}.Release.Build.0 = Release|Win32
		{421CD705-954A-47D1-A9DF-E2933C113518}.Debug.ActiveCfg = Debug|Win32
		{421CD705-954A-47D1-A9DF-E2933C113518}.Debug.Build.0 = Debug|Win32
		{421CD705-954A-47D1-A9DF-E2933C113518}.Release.ActiveCfg = Release|Win32
		{421CD705-954A-47D1-A9DF-E2933C113518}.Release.Build.0 = Release|Win32
		{0F17AA5F-669F-491B-97A1-E0AD9C1D98EA}.Debug.ActiveCfg = Debug|Win32
		{0F17AA5F-669F-491B-97A1-E0AD9C1D98EA}.Debug.Build.0 = Debug|Win32
		{0F17AA5F-669F-491B-97A1-E0AD9C1D98EA}.Release.ActiveCfg = Release|Win32
		{0F17AA5F-669F-491B-97A1-E0AD9C1D98EA}.Release.Build.0 = Release|Win32
		{3A72E025-DB1E-41A3-ACCF-45C187575264}.Debug.ActiveCfg = Debug|Win32
		{3A72E025-DB1E-41A3-ACCF-45C187575264}.Debug.Build.0 = Debug|Win32
		{3A72E025-DB1E-41A3-ACCF-45C187575264}.Release.ActiveCfg = Release|Win32
		{3A72E025-DB1E-41A3-ACCF-45C187575264}.Release.Build.0 = Release|Win32
		{5EEDFD7E-8CDC-4570-86CF-D73F6E51D7A4}.Debug.ActiveCfg = Debug|Win32
		{5EEDFD7E-8CDC-4570-86CF-D73F6E51D7A4}.Debug.Build.0 = Debug|Win32
		{5EEDFD7E-8CDC-4570-86CF-D73F6E51D7A4}.Release.ActiveCfg = Release|Win32
		{5EEDFD7E-8CDC-4570-86CF-D73F6E51D7A4}.Release.Build.0 = Release|Win32
		{AF4F390F-6A62-4A03-97FE-5457EC1E1A67}.Debug.ActiveCfg = Debug|Win32
		{AF4F390F-6A62-4A03-97FE-5457EC1E1A67}.Debug.Build.0 = Debug|Win32
		{AF4F390F-6A62-4A03-97FE-5457EC1E1A67}.Release.ActiveCfg = Release|Win32
		{AF4F390F-6A62-4A03-97FE-5457EC1E1A67}.Release.Build.0 = Release|Win32
		{B969CA4A-EC54-4853-9743-639B9265E259}.Debug.ActiveCfg = Debug|Win32
		{B969CA4A-EC54-4853-9743-639B9265E259}.Debug.Build.0 = Debug|Win32
		{B969CA4A-EC54-4853-9743-639B9265E259}.Release.ActiveCfg = Release|Win32
		{B969CA4A-EC54-4853-9743-639B9265E259}.Release.Build.0 = Release|Win32
		{4C7BEAC9-8864-4DCD-9A09-0E2AE2A862A4}.Debug.ActiveCfg = Debug|Win32
		{4C7BEAC9-8864-4DCD-9A09-0E2AE2A862A4}.Debug.Build.0 = Debug|Win32
		{4C7BEAC9-8864-4DCD-9A09-0E2AE2A862A4}.Release.ActiveCfg = Release|Win32
		{4C7BEAC9-8864-4DCD-9A09-0E2AE2A862A4}.Release.Build.0 = Release|Win32
		{7291175C-2522-4076-B9A6-B2507E299EC5}.Debug.ActiveCfg = Debug|Win32
		{7291175C-2522-4076-B9A6-B2507E299EC5}.Debug.Build.0 = Debug|Win32
		{7291175C-2522-4076-B9A6-B2507E299EC5}.Release.ActiveCfg = Release|Win32
		{7291175C-2522-4076-B9A6-B2507E299EC5}.Release.Build.0 = Release|Win32
		{58539AB8-7EA8-4CC3-8689-D31555A291AF}.Debug.ActiveCfg = Debug|Win32
		{58539AB8-7EA8-4CC3-8689-D31555A291AF}.Debug.Build.0 = Debug|Win32
		{58539AB8-7EA8-4CC3-8689-D31555A291AF}.Release.ActiveCfg = Release|Win32
		{58539AB8-7EA8-4CC3-8689-D31555A291AF}.Release.Build.0 = Release|Win32
		{96D006FE-6A3B-48BD-8C98-F8CF861DBEC6}.Debug.ActiveCfg = Debug|Win32
		{96D006FE-6A3B-48BD-8C98-F8CF861DBEC6}.Debug.Build.0 = Debug|Win32
		{96D006FE-6A3B-48BD-8C98-F8CF861DBEC6}.Release.ActiveCfg = Release|Win32
		{96D006FE-6A3B-48BD-8C98-F8CF861DBEC6}.Release.Build.0 = Release|Win32
		{5BD07C8D-32D4-492B-857F-077A8D26D82B}.Debug.ActiveCfg = Debug|Win32
		{5BD07C8D-32D4-492B-857F-077A8D26D82B}.Debug.Build.0 = Debug|Win32
		{5BD07C8D-32D4-492B-857F-077A8D26D82B}.Release.ActiveCfg = Release|Win32
		{5BD07C8D-32D4-492B-857F-077A8D26D82B}.Release.Build.0 = Release|Win32
		{C97FD448-50C9-4394-A74A-2DBAB8F2ACFC}.Debug.ActiveCfg = Debug|Win32
		{C97FD448-50C9-4394-A74A-2DBAB8F2ACFC}.Debug.Build.0 = Debug|Win32
		{C97FD448-50C9-4394-A74A-2DBAB8F2ACFC}.Release.ActiveCfg = Release|Win32
		{C97FD448-50C9-4394-A74A-2DBAB8F2ACFC}.Release.Build.0 = Release|Win32
		{14C3BCA6-CD3D-420C-ACF7-50EDE680C1AC}.Debug.ActiveCfg = Debug|Win32
		{14C3BCA6-CD3D-420C-ACF7-50EDE680C1AC}.Debug.Build.0 = Debug|Win32
		{14C3BCA6-CD3D-420C-ACF7-50EDE680C1AC}.Release.ActiveCfg = Release|Win32
		{14C3BCA6-CD3D-420C-ACF7-50EDE680C1AC}.Release.Build.0 = Release|Win32
		{8AE612CB-AD84-4B3F-A404-3C0FB1D9A26E}.Debug.ActiveCfg = Debug|Win32
		{8AE612CB-AD84-4B3F-A404-3C0FB1D9A26E}.Debug.Build.0 = Debug|Win32
		{8AE612CB-AD84-4B3F-A404-3C0FB1D9A26E}.Release.ActiveCfg = Release|Win32
		{8AE612CB-AD84-4B3F-A404-3C0FB1D9A26E}.Release.Build.0 = Release|Win32
		{D9124013-5B6C-4D80-BEB4-420280F44FF9}.Debug.ActiveCfg = Debug|Win32
		{D9124013-5B6C-4D80-BEB4-420280F44FF9}.Debug.Build.0 = Debug|Win32
		{D9124013-5B6C-4D80-BEB4-420280F44FF9}.Release.ActiveCfg = Release|Win32
		{D9124013-5B6C-4D80-BEB4-420280F44FF9}.Release.Build.0 = Release|Win32
		{CF0FE51A-EA1C-4A02-B547-27F1A927EF3D}.Debug.ActiveCfg = Debug|Win32
		{CF0FE51A-EA1C-4A02-B547-27F1A927EF3D}.Debug.Build.0 = Debug|Win32
		{CF0FE51A-EA1C-4A02-B547-27F1A927EF3D}.Release.ActiveCfg = Release|Win32
		{CF0FE51A-EA1C-4A02-B547-27F1A927EF3D}.Release.Build.0 = Release|Win32
		{F5B053E5-25AC-4AEE-A4C6-D723A4C4A099}.Debug.ActiveCfg = Debug|Win32
		{F5B053E5-25AC-4AEE-A4C6-D723A4C4A099}.Debug.Build.0 = Debug|Win32
		{F5B053E5-25AC-4AEE-A4C6-D723A4C4A099}.Release.ActiveCfg = Release|Win32
		{F5B053E5-25AC-4AEE-A4C6-D723A4C4A099}.Release.Build.0 = Release|Win32
		{ED619667-DF42-4084-829E-9A7A66A9CA65}.Debug.ActiveCfg = Debug|Win32
		{ED619667-DF42-4084-829E-9A7A66A9CA65}.Debug.Build.0 = Debug|Win32
		{ED619667-DF42-4084-829E-9A7A66A9CA65}.Release.ActiveCfg = Release|Win32
		{ED619667-DF42-4084-829E-9A7A66A9CA65}.Release.Build.0 = Release|Win32
		{E9226C36-C6C3-4A70-91E9-D4A38B5E1B76}.Debug.ActiveCfg = Debug|Win32
		{E9226C36-C6C3-4A70-91E9-D4A38B5E1B76}.Debug.Build.0 = Debug|Win32
		{E9226C36-C6C3-4A70-91E9-D4A38B5E1B76}.Release.ActiveCfg = Release|Win32
		{E9226C36-C6C3-4A70-91E9-D4A38B5E1B76}.Release.Build.0 = Release|Win32
		{1985CB50-E46A-401F-98AC-9653211B3909}.Debug.ActiveCfg = Debug|Win32
		{1985CB50-E46A-401F-98AC-9653211B3909}.Debug.Build.0 = Debug|Win32
		{1985CB50-E46A-401F-98AC-9653211B3909}.Release.ActiveCfg = Release|Win32
		{1985CB50-E46A-401F-98AC-9653211B3909}.Release.Build.0 = Release|Win32
		{009A0CE9-AC0D-48B6-84D0-6352507E37DA}.Debug.ActiveCfg = Debug|Win32
		{009A0CE9-AC0D-48B6-84D0-6352507E37DA}.Debug.Build.0 = Debug|Win32
		{009A0CE9-AC0D-48B6-84D0-6352507E37DA}.Release.ActiveCfg = Release|Win32
		{009A0CE9-AC0D-48B6-84D0-6352507E37DA}.Release.Build.0 = Release|Win32
		{71464069-BA75-444D-971B-7BFA4C9AF79F}.Debug.ActiveCfg = Debug|Win32
		{71464069-BA75-444D-971B-7BFA4C9AF79F}.Debug.Build.0 = Debug|Win32
		{71464069-BA75-444D-971B-7BFA4C9AF79F}.Release.ActiveCfg = Release|Win32
		{71464069-BA75-444D-971B-7BFA4C9AF79F}.Release.Build.0 = Release|Win32
		{B82516A8-D82B-4893-95CA-ABC00A52D44A}.Debug.ActiveCfg = Debug|Win32
		{B82516A8-D82B-4893-95CA-ABC00A52D44A}.Debug.Build.0 = Debug|Win32
		{B82516A8-D82B-4893-95CA-ABC00A52D44A}.Release.ActiveCfg = Release|Win32
		{B82516A8-D82B-4893-95CA-ABC00A52D44A}.Release.Build.0 = Release|Win32
		{18A9CBE8-22D6-49A3-BC1B-5333B7298B40}.Debug.ActiveCfg = Debug|Win32
		{18A9CBE8-22D6-49A3-BC1B-5333B7298B40}.Debug.Build.0 = Debug|Win32
		{18A9CBE8-22D6-49A3-BC1B-5333B7298B40}.Release.ActiveCfg = Release|Win32
		{18A9CBE8-22D6-49A3-BC1B-5333B7298B40}.Release.Build.0 = Release|Win32
		{DDD44744-8227-4D09-BFC5-EBB57F6743C9}.Debug.ActiveCfg = Debug|Win32
		{DDD44744-8227-4D09-BFC5-EBB57F6743C9}.Debug.Build.0 = Debug|Win32
		{DDD44744-8227-4D09-BFC5-EBB57F6743C9}.Release.ActiveCfg = Release|Win32
		{DDD44744-8227-4D09-BFC5-EBB57F6743C9}.Release.Build.0 = Release|Win32
		{C247629E-8EBD-48B9-9D10-ED9C11828481}.Debug.ActiveCfg = Debug|Win32
		{C247629E-8EBD-48B9-9D10-ED9C11828481}.Debug.Build.0 = Debug|Win32
		{C247629E-8EBD-48B9-9D10-ED9C11828481}.Release.ActiveCfg = Release|Win32
		{C247629E-8EBD-48B9-9D10-ED9C11828481}.Release.Build.0 = Release|Win32
		{28A7091A-4E04-40B6-9D6D-7C7312203537}.Debug.ActiveCfg = Debug|Win32
		{28A7091A-4E04-40B6-9D6D-7C7312203537}.Debug.Build.0 = Debug|Win32
		{28A7091A-4E04-40B6-9D6D-7C7312203537}.Release.ActiveCfg = Release|Win32
		{28A7091A-4E04-40B6-9D6D-7C7312203537}.Release.Build.0 = Release|Win32
		{DEFA14B2-FDBE-4F9D-A973-C96A30357F0D}.Debug.ActiveCfg = Debug|Win32
		{DEFA14B2-FDBE-4F9D-A973-C96A30357F0D}.Debug.Build.0 = Debug|Win32
		{DEFA14B2-FDBE-4F9D-A973-C96A30357F0D}.Release.ActiveCfg = Release|Win32
		{DEFA14B2-FDBE-4F9D-A973-C96A30357F0D}.Release.Build.0 = Release|Win32
		{048E4BDB-D281-4410-993C-C0BBC209CCF3}.Debug.ActiveCfg = Debug|Win32
		{048E4BDB-D281-4410-993C-C0BBC209CCF3}.Debug.Build.0 = Debug|Win32
		{048E4BDB-D281-4410-993C-C0BBC209CCF3}.Release.ActiveCfg = Release|Win32
		{048E4BDB-D281-4410-993C-C0BBC209CCF3}.Release.Build.0 = Release|Win32
		{A72BE874-FFFB-4065-A082-61D3D85ACD60}.Debug.ActiveCfg = Debug|Win32
		{A72BE874-FFFB-4065-A082-61D3D85ACD60}.Debug.Build.0 = Debug|Win32
		{A72BE874-FFFB-4065-A082-61D3D85ACD60}.Release.ActiveCfg = Release|Win32
		{A72BE874-FFFB-4065-A082-61D3D85ACD60}.Release.Build.0 = Release|Win32
		{B5EF9F2E-F097-45A5-B55F-D3F836651FD0}.Debug.ActiveCfg = Debug|Win32
		{B5EF9F2E-F097-45A5-B55F-D3F836651FD0}.Debug.Build.0 = Debug|Win32
		{B5EF9F2E-F097-45A5-B55F-D3F836651FD0}.Release.ActiveCfg = Release|Win32
		{B5EF9F2E-F097-45A5-B55F-D3F836651FD0}.Release.Build.0 = Release|Win32
		{EDC93B38-6AF0-45F4-8DBD-6CBF35229E61}.Debug.ActiveCfg = Debug|Win32
		{EDC93B38-6AF0-45F4-8DBD-6CBF35229E61}.Debug.Build.0 = Debug|Win32
		{EDC93B38-6AF0-45F4-8DBD-6CBF35229E61}.Release.ActiveCfg = Release|Win32
		{EDC93B38-6AF0-45F4-8DBD-6CBF35229E61}.Release.Build.0 = Release|Win32
		{60ACEBF1-18BE-4555-91BD-F8F17F4B4F02}.Debug.ActiveCfg = Debug|Win32
		{60ACEBF1-18BE-4555-91BD-F8F17F4B4F02}.Debug.Build.0 = Debug|Win32
		{60ACEBF1-18BE-4555-91BD-F8F17F4B4F02}.Release.ActiveCfg = Release|Win32
		{60ACEBF1-18BE-4555-91BD-F8F17F4B4F02}.Release.Build.0 = Release|Win32
		{3116CDBA-CB7D-476E-AB9A-7B6B49A4A65C}.Debug.ActiveCfg = Debug|Win32
		{3116CDBA-CB7D-476E-AB9A-7B6B49A4A65C}.Debug.Build.0 = Debug|Win32
		{3116CDBA-CB7D-476E-AB9A-7B6B49A4A65C}.Release.ActiveCfg = Release|Win32
		{3116CDBA-CB7D-476E-AB9A-7B6B49A4A65C}.Release.Build.0 = Release|Win32
	EndGlobalSection
	GlobalSection(ExtensibilityGlobals) = postSolution
	EndGlobalSection
	GlobalSection(ExtensibilityAddIns) = postSolution
	EndGlobalSection
EndGlobal
