Microsoft Visual Studio Solution File, Format Version 8.00
Project("{8BC9CEB8-8B4A-11D0-8D11-00A0C91BC942}") = "CASCatch", "CASCatch.vcproj", "{70648DF8-446E-4CDD-B6D0-C3E4DDF1A1F8}"
	ProjectSection(ProjectDependencies) = postProject
	EndProjectSection
EndProject
Project("{8BC9CEB8-8B4A-11D0-8D11-00A0C91BC942}") = "HDFPersist", "HDFPersist.vcproj", "{632F6752-82DD-4E04-86A8-597C43BCD5CA}"
	ProjectSection(ProjectDependencies) = postProject
	EndProjectSection
EndProject
Project("{8BC9CEB8-8B4A-11D0-8D11-00A0C91BC942}") = "SALOMELocalTrace", "SALOMELocalTrace.vcproj", "{C247629E-8EBD-48B9-9D10-ED9C11828481}"
	ProjectSection(ProjectDependencies) = postProject
		{EDC93B38-6AF0-45F4-8DBD-6CBF35229E61} = {EDC93B38-6AF0-45F4-8DBD-6CBF35229E61}
		{3116CDBA-CB7D-476E-AB9A-7B6B49A4A65C} = {3116CDBA-CB7D-476E-AB9A-7B6B49A4A65C}
	EndProjectSection
EndProject
Project("{8BC9CEB8-8B4A-11D0-8D11-00A0C91BC942}") = "Basics", "Basics.vcproj", "{EDC93B38-6AF0-45F4-8DBD-6CBF35229E61}"
	ProjectSection(ProjectDependencies) = postProject
	EndProjectSection
EndProject
Project("{8BC9CEB8-8B4A-11D0-8D11-00A0C91BC942}") = "All", "All.vcproj", "{60ACEBF1-18BE-4555-91BD-F8F17F4B4F02}"
	ProjectSection(ProjectDependencies) = postProject
		{EDC93B38-6AF0-45F4-8DBD-6CBF35229E61} = {EDC93B38-6AF0-45F4-8DBD-6CBF35229E61}
		{632F6752-82DD-4E04-86A8-597C43BCD5CA} = {632F6752-82DD-4E04-86A8-597C43BCD5CA}
		{C247629E-8EBD-48B9-9D10-ED9C11828481} = {C247629E-8EBD-48B9-9D10-ED9C11828481}
		{70648DF8-446E-4CDD-B6D0-C3E4DDF1A1F8} = {70648DF8-446E-4CDD-B6D0-C3E4DDF1A1F8}
	EndProjectSection
EndProject
Project("{8BC9CEB8-8B4A-11D0-8D11-00A0C91BC942}") = "Salome_WNT", "Salome_WNT.vcproj", "{3116CDBA-CB7D-476E-AB9A-7B6B49A4A65C}"
	ProjectSection(ProjectDependencies) = postProject
	EndProjectSection
EndProject
Global
	GlobalSection(SolutionConfiguration) = preSolution
		Debug = Debug
		Release = Release
	EndGlobalSection
	GlobalSection(ProjectConfiguration) = postSolution
		{70648DF8-446E-4CDD-B6D0-C3E4DDF1A1F8}.Debug.ActiveCfg = Debug|Win32
		{70648DF8-446E-4CDD-B6D0-C3E4DDF1A1F8}.Debug.Build.0 = Debug|Win32
		{70648DF8-446E-4CDD-B6D0-C3E4DDF1A1F8}.Release.ActiveCfg = Release|Win32
		{70648DF8-446E-4CDD-B6D0-C3E4DDF1A1F8}.Release.Build.0 = Release|Win32
		{632F6752-82DD-4E04-86A8-597C43BCD5CA}.Debug.ActiveCfg = Debug|Win32
		{632F6752-82DD-4E04-86A8-597C43BCD5CA}.Debug.Build.0 = Debug|Win32
		{632F6752-82DD-4E04-86A8-597C43BCD5CA}.Release.ActiveCfg = Release|Win32
		{632F6752-82DD-4E04-86A8-597C43BCD5CA}.Release.Build.0 = Release|Win32
		{C247629E-8EBD-48B9-9D10-ED9C11828481}.Debug.ActiveCfg = Debug|Win32
		{C247629E-8EBD-48B9-9D10-ED9C11828481}.Debug.Build.0 = Debug|Win32
		{C247629E-8EBD-48B9-9D10-ED9C11828481}.Release.ActiveCfg = Release|Win32
		{C247629E-8EBD-48B9-9D10-ED9C11828481}.Release.Build.0 = Release|Win32
		{EDC93B38-6AF0-45F4-8DBD-6CBF35229E61}.Debug.ActiveCfg = Debug|Win32
		{EDC93B38-6AF0-45F4-8DBD-6CBF35229E61}.Debug.Build.0 = Debug|Win32
		{EDC93B38-6AF0-45F4-8DBD-6CBF35229E61}.Release.ActiveCfg = Release|Win32
		{EDC93B38-6AF0-45F4-8DBD-6CBF35229E61}.Release.Build.0 = Release|Win32
		{60ACEBF1-18BE-4555-91BD-F8F17F4B4F02}.Debug.ActiveCfg = Debug|Win32
		{60ACEBF1-18BE-4555-91BD-F8F17F4B4F02}.Debug.Build.0 = Debug|Win32
		{60ACEBF1-18BE-4555-91BD-F8F17F4B4F02}.Release.ActiveCfg = Release|Win32
		{60ACEBF1-18BE-4555-91BD-F8F17F4B4F02}.Release.Build.0 = Release|Win32
		{3116CDBA-CB7D-476E-AB9A-7B6B49A4A65C}.Debug.ActiveCfg = Debug|Win32
		{3116CDBA-CB7D-476E-AB9A-7B6B49A4A65C}.Debug.Build.0 = Debug|Win32
		{3116CDBA-CB7D-476E-AB9A-7B6B49A4A65C}.Release.ActiveCfg = Release|Win32
		{3116CDBA-CB7D-476E-AB9A-7B6B49A4A65C}.Release.Build.0 = Release|Win32
	EndGlobalSection
	GlobalSection(ExtensibilityGlobals) = postSolution
	EndGlobalSection
	GlobalSection(ExtensibilityAddIns) = postSolution
	EndGlobalSection
EndGlobal
